{
  "version": 4,
  "terraform_version": "1.3.9",
  "serial": 3,
  "lineage": "257bbc3e-523a-d06c-8136-45e5ef1b681b",
  "outputs": {
    "rand_str": {
      "value": [
        "mAjumR)iV?Oe6%P7"
      ],
      "type": [
        "tuple",
        [
          "string"
        ]
      ]
    }
  },
  "resources": [
    {
      "mode": "managed",
      "type": "local_file",
      "name": "devops",
      "provider": "provider[\"registry.terraform.io/hashicorp/local\"]",
      "instances": [
        {
          "schema_version": 0,
          "attributes": {
            "content": "i am a devops engineer who knows terraform",
            "content_base64": null,
            "directory_permission": "0777",
            "file_permission": "0777",
            "filename": "/home/ubuntu/terraform-course/terraform-local/devops_automated.txt",
            "id": "08effeea1959e8a62bd35bf3335b868e0bc6079b",
            "sensitive_content": null,
            "source": null
          },
          "sensitive_attributes": []
        }
      ]
    },
    {
      "mode": "managed",
      "type": "random_string",
      "name": "rand_str",
      "provider": "provider[\"registry.terraform.io/hashicorp/random\"]",
      "instances": [
        {
          "schema_version": 2,
          "attributes": {
            "id": "mAjumR)iV?Oe6%P7",
            "keepers": null,
            "length": 16,
            "lower": true,
            "min_lower": 0,
            "min_numeric": 0,
            "min_special": 0,
            "min_upper": 0,
            "number": true,
            "numeric": true,
            "override_special": "!#$%\u0026*()-=+[]{}\u003c\u003e:?",
            "result": "mAjumR)iV?Oe6%P7",
            "special": true,
            "upper": true
          },
          "sensitive_attributes": []
        }
      ]
    }
  ],
  "check_results": null
}
